
Microsoft Visual Studio Solution File, Format Version 12.00
# Visual Studio Version 16
VisualStudioVersion = 16.0.31624.102
MinimumVisualStudioVersion = 10.0.40219.1
Project("{FAE04EC0-301F-11D3-BF4B-00C04F79EFBC}") = "С-sharp_Task4-16", "С-sharp_Task4-16\С-sharp_Task4-16.csproj", "{4BFC45FE-E0D5-4B1C-986F-A8A512291C21}"
EndProject
Global
	GlobalSection(SolutionConfigurationPlatforms) = preSolution
		Debug|Any CPU = Debug|Any CPU
		Release|Any CPU = Release|Any CPU
	EndGlobalSection
	GlobalSection(ProjectConfigurationPlatforms) = postSolution
		{4BFC45FE-E0D5-4B1C-986F-A8A512291C21}.Debug|Any CPU.ActiveCfg = Debug|Any CPU
		{4BFC45FE-E0D5-4B1C-986F-A8A512291C21}.Debug|Any CPU.Build.0 = Debug|Any CPU
		{4BFC45FE-E0D5-4B1C-986F-A8A512291C21}.Release|Any CPU.ActiveCfg = Release|Any CPU
		{4BFC45FE-E0D5-4B1C-986F-A8A512291C21}.Release|Any CPU.Build.0 = Release|Any CPU
	EndGlobalSection
	GlobalSection(SolutionProperties) = preSolution
		HideSolutionNode = FALSE
	EndGlobalSection
	GlobalSection(ExtensibilityGlobals) = postSolution
		SolutionGuid = {D5C51E51-3852-446B-8797-1691BB8655DE}
	EndGlobalSection
EndGlobal
